
Microsoft Visual Studio Solution File, Format Version 12.00
# Visual Studio 15
VisualStudioVersion = 15.0.28307.329
MinimumVisualStudioVersion = 10.0.40219.1
Project("{FAE04EC0-301F-11D3-BF4B-00C04F79EFBC}") = "VeryGoodProxy", "VeryGoodProxy\VeryGoodProxy.csproj", "{902B8E45-D355-4F36-99FE-30976FA8480F}"
EndProject
Project("{FAE04EC0-301F-11D3-BF4B-00C04F79EFBC}") = "VeryGoodProxy.ExampleWinForm", "VeryGoodProxy.ExampleWinForm\VeryGoodProxy.ExampleWinForm.csproj", "{211AB6BC-9EFB-42B5-81E6-2A177C344C23}"
EndProject
Project("{2150E333-8FDC-42A3-9474-1A3956D46DE8}") = "Solution Items", "Solution Items", "{423B889A-7A4E-4886-BBC8-31B65EA4DD38}"
	ProjectSection(SolutionItems) = preProject
		README.md = README.md
	EndProjectSection
EndProject
Global
	GlobalSection(SolutionConfigurationPlatforms) = preSolution
		Debug|Any CPU = Debug|Any CPU
		Release|Any CPU = Release|Any CPU
	EndGlobalSection
	GlobalSection(ProjectConfigurationPlatforms) = postSolution
		{902B8E45-D355-4F36-99FE-30976FA8480F}.Debug|Any CPU.ActiveCfg = Debug|Any CPU
		{902B8E45-D355-4F36-99FE-30976FA8480F}.Debug|Any CPU.Build.0 = Debug|Any CPU
		{902B8E45-D355-4F36-99FE-30976FA8480F}.Release|Any CPU.ActiveCfg = Release|Any CPU
		{902B8E45-D355-4F36-99FE-30976FA8480F}.Release|Any CPU.Build.0 = Release|Any CPU
		{211AB6BC-9EFB-42B5-81E6-2A177C344C23}.Debug|Any CPU.ActiveCfg = Debug|Any CPU
		{211AB6BC-9EFB-42B5-81E6-2A177C344C23}.Debug|Any CPU.Build.0 = Debug|Any CPU
		{211AB6BC-9EFB-42B5-81E6-2A177C344C23}.Release|Any CPU.ActiveCfg = Release|Any CPU
		{211AB6BC-9EFB-42B5-81E6-2A177C344C23}.Release|Any CPU.Build.0 = Release|Any CPU
	EndGlobalSection
	GlobalSection(SolutionProperties) = preSolution
		HideSolutionNode = FALSE
	EndGlobalSection
	GlobalSection(ExtensibilityGlobals) = postSolution
		SolutionGuid = {9DA1E161-8D61-467B-9B6B-5C2D7D869898}
	EndGlobalSection
EndGlobal
